{
  "requires": true,
  "lockfileVersion": 1,
  "dependencies": {
    "eventemitter3": {
      "version": "3.1.0",
      "resolved": "https://registry.npmjs.org/eventemitter3/-/eventemitter3-3.1.0.tgz",
      "integrity": "sha512-ivIvhpq/Y0uSjcHDcOIccjmYjGLcP09MFGE7ysAwkAvkXfpZlC985pH2/ui64DKazbTW/4kN3yqozUxlXzI6cA=="
    },
    "hls.js": {
      "version": "0.13.1",
      "resolved": "https://registry.npmjs.org/hls.js/-/hls.js-0.13.1.tgz",
      "integrity": "sha512-AWlQRkjv3WzXXnxQ6i/xNq/dyhswyg589yRSiqwzCg3cAl9cxoiicSsBrgVeDaVyN7coeFv9zJRD9IlzGfh8Aw==",
      "requires": {
        "eventemitter3": "3.1.0",
        "url-toolkit": "^2.1.6"
      }
    },
    "url-toolkit": {
      "version": "2.1.6",
      "resolved": "https://registry.npmjs.org/url-toolkit/-/url-toolkit-2.1.6.tgz",
      "integrity": "sha512-UaZ2+50am4HwrV2crR/JAf63Q4VvPYphe63WGeoJxeu8gmOm0qxPt+KsukfakPNrX9aymGNEkkaoICwn+OuvBw=="
    }
  }
}
